// !$*UTF8*$!
{
	archiveVersion = 1;
	classes = {
	};
	objectVersion = 46;
	objects = {

/* Begin PBXBuildFile section */
		3A4B24E11A400B14005634D3 /* main.m in Sources */ = {isa = PBXBuildFile; fileRef = 3A4B24E01A400B14005634D3 /* main.m */; };
		3A4B24E41A400B14005634D3 /* AppDelegate.m in Sources */ = {isa = PBXBuildFile; fileRef = 3A4B24E31A400B14005634D3 /* AppDelegate.m */; };
		3A4B24EA1A400B14005634D3 /* Main.storyboard in Resources */ = {isa = PBXBuildFile; fileRef = 3A4B24E81A400B14005634D3 /* Main.storyboard */; };
		3A4B24EC1A400B14005634D3 /* Images.xcassets in Resources */ = {isa = PBXBuildFile; fileRef = 3A4B24EB1A400B14005634D3 /* Images.xcassets */; };
		3A4B24EF1A400B14005634D3 /* LaunchScreen.xib in Resources */ = {isa = PBXBuildFile; fileRef = 3A4B24ED1A400B14005634D3 /* LaunchScreen.xib */; };
		3A5258621A5907EE0094609F /* Particle.png in Resources */ = {isa = PBXBuildFile; fileRef = 3A5258611A5907EE0094609F /* Particle.png */; };
		3A52589E1A59235D0094609F /* particleEye.m in Sources */ = {isa = PBXBuildFile; fileRef = 3A52589D1A59235D0094609F /* particleEye.m */; };
		3A56544E1A6CC87C001FC691 /* particleEye.vsh in Resources */ = {isa = PBXBuildFile; fileRef = 3A56544D1A6CC87C001FC691 /* particleEye.vsh */; };
		3A5654501A6CC8B1001FC691 /* particleEye.fsh in Resources */ = {isa = PBXBuildFile; fileRef = 3A56544F1A6CC8B1001FC691 /* particleEye.fsh */; };
		3A5654551A6CD7D1001FC691 /* Particle8.png in Resources */ = {isa = PBXBuildFile; fileRef = 3A5654511A6CD7D1001FC691 /* Particle8.png */; };
		3A5654561A6CD7D1001FC691 /* Particle10.png in Resources */ = {isa = PBXBuildFile; fileRef = 3A5654521A6CD7D1001FC691 /* Particle10.png */; };
		3A5654571A6CD7D1001FC691 /* Particle16.png in Resources */ = {isa = PBXBuildFile; fileRef = 3A5654531A6CD7D1001FC691 /* Particle16.png */; };
		3A5654581A6CD7D1001FC691 /* Particle32.png in Resources */ = {isa = PBXBuildFile; fileRef = 3A5654541A6CD7D1001FC691 /* Particle32.png */; };
		3A5ECC291A5BAD1E00E6AF60 /* micRender.m in Sources */ = {isa = PBXBuildFile; fileRef = 3A5ECC281A5BAD1E00E6AF60 /* micRender.m */; };
		3A6DF4CE1A5A5507002C67E7 /* baseEffectEye.m in Sources */ = {isa = PBXBuildFile; fileRef = 3A6DF4CD1A5A5507002C67E7 /* baseEffectEye.m */; };
		3A6DF4D01A5A570F002C67E7 /* 441HzViolin.pcm in Resources */ = {isa = PBXBuildFile; fileRef = 3A6DF4CF1A5A570F002C67E7 /* 441HzViolin.pcm */; };
		3A76C851226C8B7A000A3763 /* teImage.png in Resources */ = {isa = PBXBuildFile; fileRef = 3A76C84F226C8B7A000A3763 /* teImage.png */; };
		3AB6B2801A98871800A61BBC /* particleEyeLine.fsh in Resources */ = {isa = PBXBuildFile; fileRef = 3AB6B27F1A98871800A61BBC /* particleEyeLine.fsh */; };
/* End PBXBuildFile section */

/* Begin PBXFileReference section */
		3A4B24DB1A400B14005634D3 /* TuningEye.app */ = {isa = PBXFileReference; explicitFileType = wrapper.application; includeInIndex = 0; path = TuningEye.app; sourceTree = BUILT_PRODUCTS_DIR; };
		3A4B24DF1A400B14005634D3 /* Info.plist */ = {isa = PBXFileReference; lastKnownFileType = text.plist.xml; path = Info.plist; sourceTree = "<group>"; };
		3A4B24E01A400B14005634D3 /* main.m */ = {isa = PBXFileReference; lastKnownFileType = sourcecode.c.objc; path = main.m; sourceTree = "<group>"; };
		3A4B24E21A400B14005634D3 /* AppDelegate.h */ = {isa = PBXFileReference; lastKnownFileType = sourcecode.c.h; path = AppDelegate.h; sourceTree = "<group>"; };
		3A4B24E31A400B14005634D3 /* AppDelegate.m */ = {isa = PBXFileReference; lastKnownFileType = sourcecode.c.objc; path = AppDelegate.m; sourceTree = "<group>"; };
		3A4B24E91A400B14005634D3 /* Base */ = {isa = PBXFileReference; lastKnownFileType = file.storyboard; name = Base; path = Base.lproj/Main.storyboard; sourceTree = "<group>"; };
		3A4B24EB1A400B14005634D3 /* Images.xcassets */ = {isa = PBXFileReference; lastKnownFileType = folder.assetcatalog; path = Images.xcassets; sourceTree = "<group>"; };
		3A4B24EE1A400B14005634D3 /* Base */ = {isa = PBXFileReference; lastKnownFileType = file.xib; name = Base; path = Base.lproj/LaunchScreen.xib; sourceTree = "<group>"; };
		3A5258611A5907EE0094609F /* Particle.png */ = {isa = PBXFileReference; lastKnownFileType = image.png; path = Particle.png; sourceTree = "<group>"; };
		3A52589C1A59235D0094609F /* particleEye.h */ = {isa = PBXFileReference; fileEncoding = 4; lastKnownFileType = sourcecode.c.h; path = particleEye.h; sourceTree = "<group>"; };
		3A52589D1A59235D0094609F /* particleEye.m */ = {isa = PBXFileReference; fileEncoding = 4; lastKnownFileType = sourcecode.c.objc; path = particleEye.m; sourceTree = "<group>"; };
		3A56544D1A6CC87C001FC691 /* particleEye.vsh */ = {isa = PBXFileReference; fileEncoding = 4; lastKnownFileType = sourcecode.glsl; path = particleEye.vsh; sourceTree = "<group>"; };
		3A56544F1A6CC8B1001FC691 /* particleEye.fsh */ = {isa = PBXFileReference; fileEncoding = 4; lastKnownFileType = sourcecode.glsl; path = particleEye.fsh; sourceTree = "<group>"; };
		3A5654511A6CD7D1001FC691 /* Particle8.png */ = {isa = PBXFileReference; lastKnownFileType = image.png; path = Particle8.png; sourceTree = "<group>"; };
		3A5654521A6CD7D1001FC691 /* Particle10.png */ = {isa = PBXFileReference; lastKnownFileType = image.png; path = Particle10.png; sourceTree = "<group>"; };
		3A5654531A6CD7D1001FC691 /* Particle16.png */ = {isa = PBXFileReference; lastKnownFileType = image.png; path = Particle16.png; sourceTree = "<group>"; };
		3A5654541A6CD7D1001FC691 /* Particle32.png */ = {isa = PBXFileReference; lastKnownFileType = image.png; path = Particle32.png; sourceTree = "<group>"; };
		3A5900D2226BE3DF00D3EC1B /* README.md */ = {isa = PBXFileReference; lastKnownFileType = net.daringfireball.markdown; path = README.md; sourceTree = "<group>"; };
		3A5ECC271A5BAD1E00E6AF60 /* micRender.h */ = {isa = PBXFileReference; fileEncoding = 4; lastKnownFileType = sourcecode.c.h; path = micRender.h; sourceTree = "<group>"; };
		3A5ECC281A5BAD1E00E6AF60 /* micRender.m */ = {isa = PBXFileReference; fileEncoding = 4; lastKnownFileType = sourcecode.c.objc; path = micRender.m; sourceTree = "<group>"; };
		3A6DF4CC1A5A5507002C67E7 /* baseEffectEye.h */ = {isa = PBXFileReference; fileEncoding = 4; lastKnownFileType = sourcecode.c.h; path = baseEffectEye.h; sourceTree = "<group>"; };
		3A6DF4CD1A5A5507002C67E7 /* baseEffectEye.m */ = {isa = PBXFileReference; fileEncoding = 4; lastKnownFileType = sourcecode.c.objc; path = baseEffectEye.m; sourceTree = "<group>"; };
		3A6DF4CF1A5A570F002C67E7 /* 441HzViolin.pcm */ = {isa = PBXFileReference; lastKnownFileType = file; path = 441HzViolin.pcm; sourceTree = "<group>"; };
		3A76C84F226C8B7A000A3763 /* teImage.png */ = {isa = PBXFileReference; lastKnownFileType = image.png; path = teImage.png; sourceTree = "<group>"; };
		3AB6B27F1A98871800A61BBC /* particleEyeLine.fsh */ = {isa = PBXFileReference; fileEncoding = 4; lastKnownFileType = sourcecode.glsl; path = particleEyeLine.fsh; sourceTree = "<group>"; };
/* End PBXFileReference section */

/* Begin PBXFrameworksBuildPhase section */
		3A4B24D81A400B14005634D3 /* Frameworks */ = {
			isa = PBXFrameworksBuildPhase;
			buildActionMask = 2147483647;
			files = (
			);
			runOnlyForDeploymentPostprocessing = 0;
		};
/* End PBXFrameworksBuildPhase section */

/* Begin PBXGroup section */
		3A4B24D21A400B14005634D3 = {
			isa = PBXGroup;
			children = (
				3A76C84E226C8587000A3763 /* README */,
				3A5900D2226BE3DF00D3EC1B /* README.md */,
				3A4B24DD1A400B14005634D3 /* TuningEye */,
				3A4B24DC1A400B14005634D3 /* Products */,
			);
			sourceTree = "<group>";
		};
		3A4B24DC1A400B14005634D3 /* Products */ = {
			isa = PBXGroup;
			children = (
				3A4B24DB1A400B14005634D3 /* TuningEye.app */,
			);
			name = Products;
			sourceTree = "<group>";
		};
		3A4B24DD1A400B14005634D3 /* TuningEye */ = {
			isa = PBXGroup;
			children = (
				3AE6624B2269C8320059893E /* notUse */,
				3AE6624A2269B9C70059893E /* sampleData */,
				3AE662492269B8C60059893E /* shader */,
				3AE662482269B8AD0059893E /* texture */,
				3A5ECC271A5BAD1E00E6AF60 /* micRender.h */,
				3A5ECC281A5BAD1E00E6AF60 /* micRender.m */,
				3A52589C1A59235D0094609F /* particleEye.h */,
				3A52589D1A59235D0094609F /* particleEye.m */,
				3A4B24E21A400B14005634D3 /* AppDelegate.h */,
				3A4B24E31A400B14005634D3 /* AppDelegate.m */,
				3A4B24E81A400B14005634D3 /* Main.storyboard */,
				3A4B24EB1A400B14005634D3 /* Images.xcassets */,
				3A4B24ED1A400B14005634D3 /* LaunchScreen.xib */,
				3A4B24DE1A400B14005634D3 /* Supporting Files */,
			);
			path = TuningEye;
			sourceTree = "<group>";
		};
		3A4B24DE1A400B14005634D3 /* Supporting Files */ = {
			isa = PBXGroup;
			children = (
				3A4B24DF1A400B14005634D3 /* Info.plist */,
				3A4B24E01A400B14005634D3 /* main.m */,
			);
			name = "Supporting Files";
			sourceTree = "<group>";
		};
		3A76C84E226C8587000A3763 /* README */ = {
			isa = PBXGroup;
			children = (
				3A76C84F226C8B7A000A3763 /* teImage.png */,
			);
			path = README;
			sourceTree = "<group>";
		};
		3AE662482269B8AD0059893E /* texture */ = {
			isa = PBXGroup;
			children = (
				3A5258611A5907EE0094609F /* Particle.png */,
				3A5654511A6CD7D1001FC691 /* Particle8.png */,
				3A5654521A6CD7D1001FC691 /* Particle10.png */,
				3A5654531A6CD7D1001FC691 /* Particle16.png */,
				3A5654541A6CD7D1001FC691 /* Particle32.png */,
			);
			path = texture;
			sourceTree = "<group>";
		};
		3AE662492269B8C60059893E /* shader */ = {
			isa = PBXGroup;
			children = (
				3A56544F1A6CC8B1001FC691 /* particleEye.fsh */,
				3AB6B27F1A98871800A61BBC /* particleEyeLine.fsh */,
				3A56544D1A6CC87C001FC691 /* particleEye.vsh */,
			);
			path = shader;
			sourceTree = "<group>";
		};
		3AE6624A2269B9C70059893E /* sampleData */ = {
			isa = PBXGroup;
			children = (
				3A6DF4CF1A5A570F002C67E7 /* 441HzViolin.pcm */,
			);
			path = sampleData;
			sourceTree = "<group>";
		};
		3AE6624B2269C8320059893E /* notUse */ = {
			isa = PBXGroup;
			children = (
				3A6DF4CC1A5A5507002C67E7 /* baseEffectEye.h */,
				3A6DF4CD1A5A5507002C67E7 /* baseEffectEye.m */,
			);
			path = notUse;
			sourceTree = "<group>";
		};
/* End PBXGroup section */

/* Begin PBXNativeTarget section */
		3A4B24DA1A400B14005634D3 /* TuningEye */ = {
			isa = PBXNativeTarget;
			buildConfigurationList = 3A4B24FE1A400B14005634D3 /* Build configuration list for PBXNativeTarget "TuningEye" */;
			buildPhases = (
				3A4B24D71A400B14005634D3 /* Sources */,
				3A4B24D81A400B14005634D3 /* Frameworks */,
				3A4B24D91A400B14005634D3 /* Resources */,
			);
			buildRules = (
			);
			dependencies = (
			);
			name = TuningEye;
			productName = TuningEye;
			productReference = 3A4B24DB1A400B14005634D3 /* TuningEye.app */;
			productType = "com.apple.product-type.application";
		};
/* End PBXNativeTarget section */

/* Begin PBXProject section */
		3A4B24D31A400B14005634D3 /* Project object */ = {
			isa = PBXProject;
			attributes = {
				LastUpgradeCheck = 1020;
				ORGANIZATIONNAME = "MAKOTO OKABE";
				TargetAttributes = {
					3A4B24DA1A400B14005634D3 = {
						CreatedOnToolsVersion = 6.1.1;
						DevelopmentTeam = 4KG7L4RN6D;
					};
				};
			};
			buildConfigurationList = 3A4B24D61A400B14005634D3 /* Build configuration list for PBXProject "TuningEye" */;
			compatibilityVersion = "Xcode 3.2";
			developmentRegion = en;
			hasScannedForEncodings = 0;
			knownRegions = (
				en,
				Base,
			);
			mainGroup = 3A4B24D21A400B14005634D3;
			productRefGroup = 3A4B24DC1A400B14005634D3 /* Products */;
			projectDirPath = "";
			projectRoot = "";
			targets = (
				3A4B24DA1A400B14005634D3 /* TuningEye */,
			);
		};
/* End PBXProject section */

/* Begin PBXResourcesBuildPhase section */
		3A4B24D91A400B14005634D3 /* Resources */ = {
			isa = PBXResourcesBuildPhase;
			buildActionMask = 2147483647;
			files = (
				3A5654551A6CD7D1001FC691 /* Particle8.png in Resources */,
				3A4B24EA1A400B14005634D3 /* Main.storyboard in Resources */,
				3A4B24EF1A400B14005634D3 /* LaunchScreen.xib in Resources */,
				3A5654561A6CD7D1001FC691 /* Particle10.png in Resources */,
				3A5654581A6CD7D1001FC691 /* Particle32.png in Resources */,
				3A56544E1A6CC87C001FC691 /* particleEye.vsh in Resources */,
				3A5654571A6CD7D1001FC691 /* Particle16.png in Resources */,
				3A5258621A5907EE0094609F /* Particle.png in Resources */,
				3A6DF4D01A5A570F002C67E7 /* 441HzViolin.pcm in Resources */,
				3AB6B2801A98871800A61BBC /* particleEyeLine.fsh in Resources */,
				3A4B24EC1A400B14005634D3 /* Images.xcassets in Resources */,
				3A5654501A6CC8B1001FC691 /* particleEye.fsh in Resources */,
				3A76C851226C8B7A000A3763 /* teImage.png in Resources */,
			);
			runOnlyForDeploymentPostprocessing = 0;
		};
/* End PBXResourcesBuildPhase section */

/* Begin PBXSourcesBuildPhase section */
		3A4B24D71A400B14005634D3 /* Sources */ = {
			isa = PBXSourcesBuildPhase;
			buildActionMask = 2147483647;
			files = (
				3A6DF4CE1A5A5507002C67E7 /* baseEffectEye.m in Sources */,
				3A52589E1A59235D0094609F /* particleEye.m in Sources */,
				3A4B24E41A400B14005634D3 /* AppDelegate.m in Sources */,
				3A4B24E11A400B14005634D3 /* main.m in Sources */,
				3A5ECC291A5BAD1E00E6AF60 /* micRender.m in Sources */,
			);
			runOnlyForDeploymentPostprocessing = 0;
		};
/* End PBXSourcesBuildPhase section */

/* Begin PBXVariantGroup section */
		3A4B24E81A400B14005634D3 /* Main.storyboard */ = {
			isa = PBXVariantGroup;
			children = (
				3A4B24E91A400B14005634D3 /* Base */,
			);
			name = Main.storyboard;
			sourceTree = "<group>";
		};
		3A4B24ED1A400B14005634D3 /* LaunchScreen.xib */ = {
			isa = PBXVariantGroup;
			children = (
				3A4B24EE1A400B14005634D3 /* Base */,
			);
			name = LaunchScreen.xib;
			sourceTree = "<group>";
		};
/* End PBXVariantGroup section */

/* Begin XCBuildConfiguration section */
		3A4B24FC1A400B14005634D3 /* Debug */ = {
			isa = XCBuildConfiguration;
			buildSettings = {
				ALWAYS_SEARCH_USER_PATHS = NO;
				CLANG_CXX_LANGUAGE_STANDARD = "gnu++0x";
				CLANG_CXX_LIBRARY = "libc++";
				CLANG_ENABLE_MODULES = YES;
				CLANG_ENABLE_OBJC_ARC = YES;
				CLANG_WARN_BLOCK_CAPTURE_AUTORELEASING = YES;
				CLANG_WARN_BOOL_CONVERSION = YES;
				CLANG_WARN_COMMA = YES;
				CLANG_WARN_CONSTANT_CONVERSION = YES;
				CLANG_WARN_DEPRECATED_OBJC_IMPLEMENTATIONS = YES;
				CLANG_WARN_DIRECT_OBJC_ISA_USAGE = YES_ERROR;
				CLANG_WARN_EMPTY_BODY = YES;
				CLANG_WARN_ENUM_CONVERSION = YES;
				CLANG_WARN_INFINITE_RECURSION = YES;
				CLANG_WARN_INT_CONVERSION = YES;
				CLANG_WARN_NON_LITERAL_NULL_CONVERSION = YES;
				CLANG_WARN_OBJC_IMPLICIT_RETAIN_SELF = YES;
				CLANG_WARN_OBJC_LITERAL_CONVERSION = YES;
				CLANG_WARN_OBJC_ROOT_CLASS = YES_ERROR;
				CLANG_WARN_RANGE_LOOP_ANALYSIS = YES;
				CLANG_WARN_STRICT_PROTOTYPES = YES;
				CLANG_WARN_SUSPICIOUS_MOVE = YES;
				CLANG_WARN_UNREACHABLE_CODE = YES;
				CLANG_WARN__DUPLICATE_METHOD_MATCH = YES;
				"CODE_SIGN_IDENTITY[sdk=iphoneos*]" = "iPhone Developer";
				COPY_PHASE_STRIP = NO;
				ENABLE_STRICT_OBJC_MSGSEND = YES;
				ENABLE_TESTABILITY = YES;
				GCC_C_LANGUAGE_STANDARD = gnu99;
				GCC_DYNAMIC_NO_PIC = NO;
				GCC_NO_COMMON_BLOCKS = YES;
				GCC_OPTIMIZATION_LEVEL = 0;
				GCC_PREPROCESSOR_DEFINITIONS = (
					"DEBUG=1",
					"$(inherited)",
				);
				GCC_SYMBOLS_PRIVATE_EXTERN = NO;
				GCC_WARN_64_TO_32_BIT_CONVERSION = YES;
				GCC_WARN_ABOUT_RETURN_TYPE = YES_ERROR;
				GCC_WARN_UNDECLARED_SELECTOR = YES;
				GCC_WARN_UNINITIALIZED_AUTOS = YES_AGGRESSIVE;
				GCC_WARN_UNUSED_FUNCTION = YES;
				GCC_WARN_UNUSED_VARIABLE = YES;
				IPHONEOS_DEPLOYMENT_TARGET = 8.1;
				MTL_ENABLE_DEBUG_INFO = YES;
				ONLY_ACTIVE_ARCH = YES;
				SDKROOT = iphoneos;
				TARGETED_DEVICE_FAMILY = "1,2";
			};
			name = Debug;
		};
		3A4B24FD1A400B14005634D3 /* Release */ = {
			isa = XCBuildConfiguration;
			buildSettings = {
				ALWAYS_SEARCH_USER_PATHS = NO;
				CLANG_CXX_LANGUAGE_STANDARD = "gnu++0x";
				CLANG_CXX_LIBRARY = "libc++";
				CLANG_ENABLE_MODULES = YES;
				CLANG_ENABLE_OBJC_ARC = YES;
				CLANG_WARN_BLOCK_CAPTURE_AUTORELEASING = YES;
				CLANG_WARN_BOOL_CONVERSION = YES;
				CLANG_WARN_COMMA = YES;
				CLANG_WARN_CONSTANT_CONVERSION = YES;
				CLANG_WARN_DEPRECATED_OBJC_IMPLEMENTATIONS = YES;
				CLANG_WARN_DIRECT_OBJC_ISA_USAGE = YES_ERROR;
				CLANG_WARN_EMPTY_BODY = YES;
				CLANG_WARN_ENUM_CONVERSION = YES;
				CLANG_WARN_INFINITE_RECURSION = YES;
				CLANG_WARN_INT_CONVERSION = YES;
				CLANG_WARN_NON_LITERAL_NULL_CONVERSION = YES;
				CLANG_WARN_OBJC_IMPLICIT_RETAIN_SELF = YES;
				CLANG_WARN_OBJC_LITERAL_CONVERSION = YES;
				CLANG_WARN_OBJC_ROOT_CLASS = YES_ERROR;
				CLANG_WARN_RANGE_LOOP_ANALYSIS = YES;
				CLANG_WARN_STRICT_PROTOTYPES = YES;
				CLANG_WARN_SUSPICIOUS_MOVE = YES;
				CLANG_WARN_UNREACHABLE_CODE = YES;
				CLANG_WARN__DUPLICATE_METHOD_MATCH = YES;
				"CODE_SIGN_IDENTITY[sdk=iphoneos*]" = "iPhone Developer";
				COPY_PHASE_STRIP = YES;
				ENABLE_NS_ASSERTIONS = NO;
				ENABLE_STRICT_OBJC_MSGSEND = YES;
				GCC_C_LANGUAGE_STANDARD = gnu99;
				GCC_NO_COMMON_BLOCKS = YES;
				GCC_WARN_64_TO_32_BIT_CONVERSION = YES;
				GCC_WARN_ABOUT_RETURN_TYPE = YES_ERROR;
				GCC_WARN_UNDECLARED_SELECTOR = YES;
				GCC_WARN_UNINITIALIZED_AUTOS = YES_AGGRESSIVE;
				GCC_WARN_UNUSED_FUNCTION = YES;
				GCC_WARN_UNUSED_VARIABLE = YES;
				IPHONEOS_DEPLOYMENT_TARGET = 8.1;
				MTL_ENABLE_DEBUG_INFO = NO;
				SDKROOT = iphoneos;
				TARGETED_DEVICE_FAMILY = "1,2";
				VALIDATE_PRODUCT = YES;
			};
			name = Release;
		};
		3A4B24FF1A400B14005634D3 /* Debug */ = {
			isa = XCBuildConfiguration;
			buildSettings = {
				ASSETCATALOG_COMPILER_APPICON_NAME = AppIcon;
				CODE_SIGN_IDENTITY = "iPhone Developer";
				DEVELOPMENT_TEAM = 4KG7L4RN6D;
				INFOPLIST_FILE = TuningEye/Info.plist;
				LD_RUNPATH_SEARCH_PATHS = "$(inherited) @executable_path/Frameworks";
				PRODUCT_BUNDLE_IDENTIFIER = "com.amakusaweb.$(PRODUCT_NAME:rfc1034identifier)";
				PRODUCT_NAME = "$(TARGET_NAME)";
				TARGETED_DEVICE_FAMILY = 1;
			};
			name = Debug;
		};
		3A4B25001A400B14005634D3 /* Release */ = {
			isa = XCBuildConfiguration;
			buildSettings = {
				ASSETCATALOG_COMPILER_APPICON_NAME = AppIcon;
				CODE_SIGN_IDENTITY = "iPhone Developer";
				DEVELOPMENT_TEAM = 4KG7L4RN6D;
				INFOPLIST_FILE = TuningEye/Info.plist;
				LD_RUNPATH_SEARCH_PATHS = "$(inherited) @executable_path/Frameworks";
				PRODUCT_BUNDLE_IDENTIFIER = "com.amakusaweb.$(PRODUCT_NAME:rfc1034identifier)";
				PRODUCT_NAME = "$(TARGET_NAME)";
				TARGETED_DEVICE_FAMILY = 1;
			};
			name = Release;
		};
/* End XCBuildConfiguration section */

/* Begin XCConfigurationList section */
		3A4B24D61A400B14005634D3 /* Build configuration list for PBXProject "TuningEye" */ = {
			isa = XCConfigurationList;
			buildConfigurations = (
				3A4B24FC1A400B14005634D3 /* Debug */,
				3A4B24FD1A400B14005634D3 /* Release */,
			);
			defaultConfigurationIsVisible = 0;
			defaultConfigurationName = Release;
		};
		3A4B24FE1A400B14005634D3 /* Build configuration list for PBXNativeTarget "TuningEye" */ = {
			isa = XCConfigurationList;
			buildConfigurations = (
				3A4B24FF1A400B14005634D3 /* Debug */,
				3A4B25001A400B14005634D3 /* Release */,
			);
			defaultConfigurationIsVisible = 0;
			defaultConfigurationName = Release;
		};
/* End XCConfigurationList section */
	};
	rootObject = 3A4B24D31A400B14005634D3 /* Project object */;
}
